{
  "object": {
    "pins": [
      {
        "package": "swift-argument-parser",
        "repositoryURL": "https://github.com/apple/swift-argument-parser",
        "state": {
          "branch": "main",
          "revision": "ee32b809403dc77bded883194e3bbcb107be5104",
          "version": null
        }
      }
    ]
  },
  "version": 1
}
